<?xml version="1.0" encoding="utf-8"?>
<Project ToolsVersion="4.0" xmlns="http://schemas.microsoft.com/developer/msbuild/2003">
  <ItemGroup>
    <Filter Include="Source Files">
      <UniqueIdentifier>{4FC737F1-C7A5-4376-A066-2A32D752A2FF}</UniqueIdentifier>
      <Extensions>cpp;c;cc;cxx;def;odl;idl;hpj;bat;asm;asmx</Extensions>
    </Filter>
    <Filter Include="Header Files">
      <UniqueIdentifier>{93995380-89BD-4b04-88EB-625FBE52EBFB}</UniqueIdentifier>
      <Extensions>h;hh;hpp;hxx;hm;inl;inc;ipp;xsd</Extensions>
    </Filter>
    <Filter Include="DX11R Sources">
      <UniqueIdentifier>{32409a20-6d3f-4b45-95a7-ce9bcf364ef5}</UniqueIdentifier>
    </Filter>
    <Filter Include="DX11R Headers">
      <UniqueIdentifier>{8192aa6a-4aff-499b-aad9-cf923d91e37a}</UniqueIdentifier>
    </Filter>
  </ItemGroup>
  <ItemGroup>
    <ClCompile Include="Main.cpp">
      <Filter>Source Files</Filter>
    </ClCompile>
    <ClCompile Include="PreHeader.cpp">
      <Filter>Source Files</Filter>
    </ClCompile>
    <ClCompile Include="Scene.cpp">
      <Filter>Source Files</Filter>
    </ClCompile>
    <ClCompile Include="WinHIDInput.cpp">
      <Filter>Source Files</Filter>
    </ClCompile>
    <ClCompile Include="WinVirtualKeysMapping.cpp">
      <Filter>Source Files</Filter>
    </ClCompile>
    <ClCompile Include="WinVKInput.cpp">
      <Filter>Source Files</Filter>
    </ClCompile>
    <ClCompile Include="Color.cpp">
      <Filter>Source Files</Filter>
    </ClCompile>
    <ClCompile Include="NameManager.cpp">
      <Filter>Source Files</Filter>
    </ClCompile>
    <ClCompile Include="AssetsLoaders.cpp">
      <Filter>Source Files</Filter>
    </ClCompile>
    <ClCompile Include="CameraTransform.cpp">
      <Filter>Source Files</Filter>
    </ClCompile>
    <ClCompile Include="CameraMovementSystem.cpp">
      <Filter>Source Files</Filter>
    </ClCompile>
    <ClCompile Include="AssetIdMapper.cpp">
      <Filter>Source Files</Filter>
    </ClCompile>
    <ClCompile Include="SceneFromMap.cpp">
      <Filter>Source Files</Filter>
    </ClCompile>
    <ClCompile Include="RendererDX11.cpp">
      <Filter>DX11R Sources</Filter>
    </ClCompile>
    <ClCompile Include="AssetsIdentification.cpp">
      <Filter>Source Files</Filter>
    </ClCompile>
    <ClCompile Include="PhysicsSystem.cpp">
      <Filter>Source Files</Filter>
    </ClCompile>
    <ClCompile Include="PhysicsProperties.cpp">
      <Filter>Source Files</Filter>
    </ClCompile>
    <ClCompile Include="Texture.cpp">
      <Filter>Source Files</Filter>
    </ClCompile>
  </ItemGroup>
  <ItemGroup>
    <ClInclude Include="PreHeader.hpp">
      <Filter>Header Files</Filter>
    </ClInclude>
    <ClInclude Include="WinAPI.hpp">
      <Filter>Header Files</Filter>
    </ClInclude>
    <ClInclude Include="Components.hpp">
      <Filter>Header Files</Filter>
    </ClInclude>
    <ClInclude Include="Renderer.hpp">
      <Filter>Header Files</Filter>
    </ClInclude>
    <ClInclude Include="Scene.hpp">
      <Filter>Header Files</Filter>
    </ClInclude>
    <ClInclude Include="CustomControlActions.hpp">
      <Filter>Header Files</Filter>
    </ClInclude>
    <ClInclude Include="WinHIDInput.hpp">
      <Filter>Header Files</Filter>
    </ClInclude>
    <ClInclude Include="WinVKInput.hpp">
      <Filter>Header Files</Filter>
    </ClInclude>
    <ClInclude Include="Color.hpp">
      <Filter>Header Files</Filter>
    </ClInclude>
    <ClInclude Include="NameManager.hpp">
      <Filter>Header Files</Filter>
    </ClInclude>
    <ClInclude Include="AssetsLoaders.hpp">
      <Filter>Header Files</Filter>
    </ClInclude>
    <ClInclude Include="Texture.hpp">
      <Filter>Header Files</Filter>
    </ClInclude>
    <ClInclude Include="Material.hpp">
      <Filter>Header Files</Filter>
    </ClInclude>
    <ClInclude Include="Mesh.hpp">
      <Filter>Header Files</Filter>
    </ClInclude>
    <ClInclude Include="CameraTransform.hpp">
      <Filter>Header Files</Filter>
    </ClInclude>
    <ClInclude Include="CameraMovementSystem.hpp">
      <Filter>Header Files</Filter>
    </ClInclude>
    <ClInclude Include="ObjectsMoverSystem.hpp">
      <Filter>Header Files</Filter>
    </ClInclude>
    <ClInclude Include="AssetIdMapper.hpp">
      <Filter>Header Files</Filter>
    </ClInclude>
    <ClInclude Include="SceneFromMap.hpp">
      <Filter>Header Files</Filter>
    </ClInclude>
    <ClInclude Include="RendererDX11.hpp">
      <Filter>DX11R Headers</Filter>
    </ClInclude>
    <ClInclude Include="AssetsIdentification.hpp">
      <Filter>Header Files</Filter>
    </ClInclude>
    <ClInclude Include="PhysicsSystem.hpp">
      <Filter>Header Files</Filter>
    </ClInclude>
    <ClInclude Include="PhysicsProperties.hpp">
      <Filter>Header Files</Filter>
    </ClInclude>
    <ClInclude Include="SetInitialPositionsSystem.hpp">
      <Filter>Header Files</Filter>
    </ClInclude>
  </ItemGroup>
</Project>