
Microsoft Visual Studio Solution File, Format Version 12.00
# Visual Studio 15
VisualStudioVersion = 15.0.27703.2035
MinimumVisualStudioVersion = 10.0.40219.1
Project("{8BC9CEB8-8B4A-11D0-8D11-00A0C91BC942}") = "ECSTest", "ECSTest\ECSTest.vcxproj", "{4D12A33A-56A1-4A15-81D4-DF69463D8DF8}"
	ProjectSection(ProjectDependencies) = postProject
		{F08091C1-62EE-4763-8C58-0684B250866A} = {F08091C1-62EE-4763-8C58-0684B250866A}
	EndProjectSection
EndProject
Project("{8BC9CEB8-8B4A-11D0-8D11-00A0C91BC942}") = "ECS", "ECS\ECS.vcxproj", "{F08091C1-62EE-4763-8C58-0684B250866A}"
EndProject
Project("{8BC9CEB8-8B4A-11D0-8D11-00A0C91BC942}") = "ECSGameOfLife", "ECSGameOfLife\ECSGameOfLife.vcxproj", "{65C70E5C-E622-4A50-BFC6-284EAC556A21}"
	ProjectSection(ProjectDependencies) = postProject
		{F08091C1-62EE-4763-8C58-0684B250866A} = {F08091C1-62EE-4763-8C58-0684B250866A}
	EndProjectSection
EndProject
Project("{8BC9CEB8-8B4A-11D0-8D11-00A0C91BC942}") = "UnitTests", "UnitTests\UnitTests.vcxproj", "{DE4B8B56-7FD3-4327-AD46-17CF7916BD8A}"
	ProjectSection(ProjectDependencies) = postProject
		{F08091C1-62EE-4763-8C58-0684B250866A} = {F08091C1-62EE-4763-8C58-0684B250866A}
	EndProjectSection
EndProject
Project("{8BC9CEB8-8B4A-11D0-8D11-00A0C91BC942}") = "UnitWholeTests", "UnitWholeTests\UnitWholeTests.vcxproj", "{AE97C43E-FA19-4101-A2D9-53395C45A3E2}"
	ProjectSection(ProjectDependencies) = postProject
		{F08091C1-62EE-4763-8C58-0684B250866A} = {F08091C1-62EE-4763-8C58-0684B250866A}
	EndProjectSection
EndProject
Project("{8BC9CEB8-8B4A-11D0-8D11-00A0C91BC942}") = "ECSEngine", "ECSEngine\ECSEngine.vcxproj", "{2D0FDE81-B779-4F58-8FBF-D6E26C5D6C85}"
	ProjectSection(ProjectDependencies) = postProject
		{F08091C1-62EE-4763-8C58-0684B250866A} = {F08091C1-62EE-4763-8C58-0684B250866A}
	EndProjectSection
EndProject
Project("{8BC9CEB8-8B4A-11D0-8D11-00A0C91BC942}") = "Helpers", "Helpers\Helpers.vcxproj", "{4DBAC193-2E7E-4A75-97A2-909DCB4D05C9}"
EndProject
Global
	GlobalSection(SolutionConfigurationPlatforms) = preSolution
		Debug|x64 = Debug|x64
		Debug|x86 = Debug|x86
		Release|x64 = Release|x64
		Release|x86 = Release|x86
		ReleaseXP|x64 = ReleaseXP|x64
		ReleaseXP|x86 = ReleaseXP|x86
	EndGlobalSection
	GlobalSection(ProjectConfigurationPlatforms) = postSolution
		{4D12A33A-56A1-4A15-81D4-DF69463D8DF8}.Debug|x64.ActiveCfg = Debug|x64
		{4D12A33A-56A1-4A15-81D4-DF69463D8DF8}.Debug|x86.ActiveCfg = Debug|Win32
		{4D12A33A-56A1-4A15-81D4-DF69463D8DF8}.Release|x64.ActiveCfg = Release|x64
		{4D12A33A-56A1-4A15-81D4-DF69463D8DF8}.Release|x86.ActiveCfg = Release|Win32
		{4D12A33A-56A1-4A15-81D4-DF69463D8DF8}.ReleaseXP|x64.ActiveCfg = ReleaseXP|x64
		{4D12A33A-56A1-4A15-81D4-DF69463D8DF8}.ReleaseXP|x86.ActiveCfg = ReleaseXP|Win32
		{F08091C1-62EE-4763-8C58-0684B250866A}.Debug|x64.ActiveCfg = Debug|x64
		{F08091C1-62EE-4763-8C58-0684B250866A}.Debug|x64.Build.0 = Debug|x64
		{F08091C1-62EE-4763-8C58-0684B250866A}.Debug|x86.ActiveCfg = Debug|Win32
		{F08091C1-62EE-4763-8C58-0684B250866A}.Debug|x86.Build.0 = Debug|Win32
		{F08091C1-62EE-4763-8C58-0684B250866A}.Release|x64.ActiveCfg = Release|x64
		{F08091C1-62EE-4763-8C58-0684B250866A}.Release|x64.Build.0 = Release|x64
		{F08091C1-62EE-4763-8C58-0684B250866A}.Release|x86.ActiveCfg = Release|Win32
		{F08091C1-62EE-4763-8C58-0684B250866A}.Release|x86.Build.0 = Release|Win32
		{F08091C1-62EE-4763-8C58-0684B250866A}.ReleaseXP|x64.ActiveCfg = ReleaseXP|x64
		{F08091C1-62EE-4763-8C58-0684B250866A}.ReleaseXP|x64.Build.0 = ReleaseXP|x64
		{F08091C1-62EE-4763-8C58-0684B250866A}.ReleaseXP|x86.ActiveCfg = ReleaseXP|Win32
		{F08091C1-62EE-4763-8C58-0684B250866A}.ReleaseXP|x86.Build.0 = ReleaseXP|Win32
		{65C70E5C-E622-4A50-BFC6-284EAC556A21}.Debug|x64.ActiveCfg = Debug|x64
		{65C70E5C-E622-4A50-BFC6-284EAC556A21}.Debug|x86.ActiveCfg = Debug|Win32
		{65C70E5C-E622-4A50-BFC6-284EAC556A21}.Release|x64.ActiveCfg = Release|x64
		{65C70E5C-E622-4A50-BFC6-284EAC556A21}.Release|x86.ActiveCfg = Release|Win32
		{65C70E5C-E622-4A50-BFC6-284EAC556A21}.ReleaseXP|x64.ActiveCfg = ReleaseXP|x64
		{65C70E5C-E622-4A50-BFC6-284EAC556A21}.ReleaseXP|x86.ActiveCfg = ReleaseXP|Win32
		{DE4B8B56-7FD3-4327-AD46-17CF7916BD8A}.Debug|x64.ActiveCfg = Debug|x64
		{DE4B8B56-7FD3-4327-AD46-17CF7916BD8A}.Debug|x64.Build.0 = Debug|x64
		{DE4B8B56-7FD3-4327-AD46-17CF7916BD8A}.Debug|x86.ActiveCfg = Debug|Win32
		{DE4B8B56-7FD3-4327-AD46-17CF7916BD8A}.Debug|x86.Build.0 = Debug|Win32
		{DE4B8B56-7FD3-4327-AD46-17CF7916BD8A}.Release|x64.ActiveCfg = Release|x64
		{DE4B8B56-7FD3-4327-AD46-17CF7916BD8A}.Release|x64.Build.0 = Release|x64
		{DE4B8B56-7FD3-4327-AD46-17CF7916BD8A}.Release|x86.ActiveCfg = Release|Win32
		{DE4B8B56-7FD3-4327-AD46-17CF7916BD8A}.Release|x86.Build.0 = Release|Win32
		{DE4B8B56-7FD3-4327-AD46-17CF7916BD8A}.ReleaseXP|x64.ActiveCfg = ReleaseXP|x64
		{DE4B8B56-7FD3-4327-AD46-17CF7916BD8A}.ReleaseXP|x64.Build.0 = ReleaseXP|x64
		{DE4B8B56-7FD3-4327-AD46-17CF7916BD8A}.ReleaseXP|x86.ActiveCfg = ReleaseXP|Win32
		{DE4B8B56-7FD3-4327-AD46-17CF7916BD8A}.ReleaseXP|x86.Build.0 = ReleaseXP|Win32
		{AE97C43E-FA19-4101-A2D9-53395C45A3E2}.Debug|x64.ActiveCfg = Debug|x64
		{AE97C43E-FA19-4101-A2D9-53395C45A3E2}.Debug|x64.Build.0 = Debug|x64
		{AE97C43E-FA19-4101-A2D9-53395C45A3E2}.Debug|x86.ActiveCfg = Debug|Win32
		{AE97C43E-FA19-4101-A2D9-53395C45A3E2}.Debug|x86.Build.0 = Debug|Win32
		{AE97C43E-FA19-4101-A2D9-53395C45A3E2}.Release|x64.ActiveCfg = Release|x64
		{AE97C43E-FA19-4101-A2D9-53395C45A3E2}.Release|x64.Build.0 = Release|x64
		{AE97C43E-FA19-4101-A2D9-53395C45A3E2}.Release|x86.ActiveCfg = Release|Win32
		{AE97C43E-FA19-4101-A2D9-53395C45A3E2}.Release|x86.Build.0 = Release|Win32
		{AE97C43E-FA19-4101-A2D9-53395C45A3E2}.ReleaseXP|x64.ActiveCfg = ReleaseXP|x64
		{AE97C43E-FA19-4101-A2D9-53395C45A3E2}.ReleaseXP|x64.Build.0 = ReleaseXP|x64
		{AE97C43E-FA19-4101-A2D9-53395C45A3E2}.ReleaseXP|x86.ActiveCfg = ReleaseXP|Win32
		{AE97C43E-FA19-4101-A2D9-53395C45A3E2}.ReleaseXP|x86.Build.0 = ReleaseXP|Win32
		{2D0FDE81-B779-4F58-8FBF-D6E26C5D6C85}.Debug|x64.ActiveCfg = Debug|x64
		{2D0FDE81-B779-4F58-8FBF-D6E26C5D6C85}.Debug|x64.Build.0 = Debug|x64
		{2D0FDE81-B779-4F58-8FBF-D6E26C5D6C85}.Debug|x86.ActiveCfg = Debug|Win32
		{2D0FDE81-B779-4F58-8FBF-D6E26C5D6C85}.Debug|x86.Build.0 = Debug|Win32
		{2D0FDE81-B779-4F58-8FBF-D6E26C5D6C85}.Release|x64.ActiveCfg = Release|x64
		{2D0FDE81-B779-4F58-8FBF-D6E26C5D6C85}.Release|x64.Build.0 = Release|x64
		{2D0FDE81-B779-4F58-8FBF-D6E26C5D6C85}.Release|x86.ActiveCfg = Release|Win32
		{2D0FDE81-B779-4F58-8FBF-D6E26C5D6C85}.Release|x86.Build.0 = Release|Win32
		{2D0FDE81-B779-4F58-8FBF-D6E26C5D6C85}.ReleaseXP|x64.ActiveCfg = ReleaseXP|x64
		{2D0FDE81-B779-4F58-8FBF-D6E26C5D6C85}.ReleaseXP|x64.Build.0 = ReleaseXP|x64
		{2D0FDE81-B779-4F58-8FBF-D6E26C5D6C85}.ReleaseXP|x86.ActiveCfg = ReleaseXP|Win32
		{2D0FDE81-B779-4F58-8FBF-D6E26C5D6C85}.ReleaseXP|x86.Build.0 = ReleaseXP|Win32
		{4DBAC193-2E7E-4A75-97A2-909DCB4D05C9}.Debug|x64.ActiveCfg = Debug|x64
		{4DBAC193-2E7E-4A75-97A2-909DCB4D05C9}.Debug|x86.ActiveCfg = Debug|Win32
		{4DBAC193-2E7E-4A75-97A2-909DCB4D05C9}.Release|x64.ActiveCfg = Release|x64
		{4DBAC193-2E7E-4A75-97A2-909DCB4D05C9}.Release|x86.ActiveCfg = Release|Win32
		{4DBAC193-2E7E-4A75-97A2-909DCB4D05C9}.ReleaseXP|x64.ActiveCfg = ReleaseXP|x64
		{4DBAC193-2E7E-4A75-97A2-909DCB4D05C9}.ReleaseXP|x86.ActiveCfg = ReleaseXP|Win32
	EndGlobalSection
	GlobalSection(SolutionProperties) = preSolution
		HideSolutionNode = FALSE
	EndGlobalSection
	GlobalSection(ExtensibilityGlobals) = postSolution
		SolutionGuid = {56572055-F28C-40D0-B0F9-E84A45799A11}
	EndGlobalSection
EndGlobal
