<?xml version="1.0" encoding="utf-8"?>
<Project ToolsVersion="4.0" xmlns="http://schemas.microsoft.com/developer/msbuild/2003">
  <ItemGroup>
    <Filter Include="Systen Headers">
      <UniqueIdentifier>{93995380-89BD-4b04-88EB-625FBE52EBFB}</UniqueIdentifier>
      <Extensions>h;hh;hpp;hxx;hm;inl;inc;ipp;xsd</Extensions>
    </Filter>
    <Filter Include="Component Headers">
      <UniqueIdentifier>{d428779b-c3e1-48c0-bb0d-6e211900d29a}</UniqueIdentifier>
    </Filter>
    <Filter Include="System Sources">
      <UniqueIdentifier>{8f40f555-e610-4874-a16b-39b784d10424}</UniqueIdentifier>
    </Filter>
    <Filter Include="Component Sources">
      <UniqueIdentifier>{b08d0693-d55d-4ed5-9f53-9ee27b714464}</UniqueIdentifier>
    </Filter>
    <Filter Include="Sources">
      <UniqueIdentifier>{de5c9956-97ea-49cf-aa2a-f7f61d5aad4f}</UniqueIdentifier>
    </Filter>
    <Filter Include="Headers">
      <UniqueIdentifier>{38213af1-729c-419f-8c9f-8a324c340679}</UniqueIdentifier>
    </Filter>
  </ItemGroup>
  <ItemGroup>
    <ClCompile Include="PhysicsSystem.cpp">
      <Filter>System Sources</Filter>
    </ClCompile>
    <ClCompile Include="JiggleBonesSystem.cpp">
      <Filter>System Sources</Filter>
    </ClCompile>
    <ClCompile Include="BulletMoverSystem.cpp">
      <Filter>System Sources</Filter>
    </ClCompile>
    <ClCompile Include="RendererSystem.cpp">
      <Filter>System Sources</Filter>
    </ClCompile>
    <ClCompile Include="PhysicsPresenterSystem.cpp">
      <Filter>System Sources</Filter>
    </ClCompile>
    <ClCompile Include="MeshRendererComponent.cpp">
      <Filter>Component Sources</Filter>
    </ClCompile>
    <ClCompile Include="PhysicsComponent.cpp">
      <Filter>Component Sources</Filter>
    </ClCompile>
    <ClCompile Include="SkinnedMeshRendererComponent.cpp">
      <Filter>Component Sources</Filter>
    </ClCompile>
    <ClCompile Include="CameraComponent.cpp">
      <Filter>Component Sources</Filter>
    </ClCompile>
    <ClCompile Include="BoxColliderComponent.cpp">
      <Filter>Component Sources</Filter>
    </ClCompile>
    <ClCompile Include="CapsuleColliderComponent.cpp">
      <Filter>Component Sources</Filter>
    </ClCompile>
    <ClCompile Include="MeshColliderComponent.cpp">
      <Filter>Component Sources</Filter>
    </ClCompile>
    <ClCompile Include="SphereColliderComponent.cpp">
      <Filter>Component Sources</Filter>
    </ClCompile>
    <ClCompile Include="BulletMoverComponent.cpp">
      <Filter>Component Sources</Filter>
    </ClCompile>
    <ClCompile Include="JiggleBonesComponent.cpp">
      <Filter>Component Sources</Filter>
    </ClCompile>
    <ClCompile Include="TransformComponent.cpp">
      <Filter>Component Sources</Filter>
    </ClCompile>
    <ClCompile Include="LightComponent.cpp">
      <Filter>Component Sources</Filter>
    </ClCompile>
    <ClCompile Include="SoundEmitterComponent.cpp">
      <Filter>Component Sources</Filter>
    </ClCompile>
    <ClCompile Include="Source.cpp">
      <Filter>Sources</Filter>
    </ClCompile>
    <ClCompile Include="PreHeader.cpp">
      <Filter>Sources</Filter>
    </ClCompile>
  </ItemGroup>
  <ItemGroup>
    <ClInclude Include="BulletMoverComponent.hpp">
      <Filter>Component Headers</Filter>
    </ClInclude>
    <ClInclude Include="JiggleBonesComponent.hpp">
      <Filter>Component Headers</Filter>
    </ClInclude>
    <ClInclude Include="AISystem.hpp">
      <Filter>Systen Headers</Filter>
    </ClInclude>
    <ClInclude Include="AnimatorSystem.hpp">
      <Filter>Systen Headers</Filter>
    </ClInclude>
    <ClInclude Include="PhysicsSystem.hpp">
      <Filter>Systen Headers</Filter>
    </ClInclude>
    <ClInclude Include="RendererSystem.hpp">
      <Filter>Systen Headers</Filter>
    </ClInclude>
    <ClInclude Include="ScriptingSystem.hpp">
      <Filter>Systen Headers</Filter>
    </ClInclude>
    <ClInclude Include="SoundSystem.hpp">
      <Filter>Systen Headers</Filter>
    </ClInclude>
    <ClInclude Include="PhysicsComponent.hpp">
      <Filter>Component Headers</Filter>
    </ClInclude>
    <ClInclude Include="TransformComponent.hpp">
      <Filter>Component Headers</Filter>
    </ClInclude>
    <ClInclude Include="JiggleBonesSystem.hpp">
      <Filter>Systen Headers</Filter>
    </ClInclude>
    <ClInclude Include="BulletMoverSystem.hpp">
      <Filter>Systen Headers</Filter>
    </ClInclude>
    <ClInclude Include="FramePresenterSystem.hpp">
      <Filter>Systen Headers</Filter>
    </ClInclude>
    <ClInclude Include="MeshRendererComponent.hpp">
      <Filter>Component Headers</Filter>
    </ClInclude>
    <ClInclude Include="CameraComponent.hpp">
      <Filter>Component Headers</Filter>
    </ClInclude>
    <ClInclude Include="PhysicsPresenterSystem.hpp">
      <Filter>Systen Headers</Filter>
    </ClInclude>
    <ClInclude Include="SkinnedMeshRendererComponent.hpp">
      <Filter>Component Headers</Filter>
    </ClInclude>
    <ClInclude Include="SphereColliderComponent.hpp">
      <Filter>Component Headers</Filter>
    </ClInclude>
    <ClInclude Include="CapsuleColliderComponent.hpp">
      <Filter>Component Headers</Filter>
    </ClInclude>
    <ClInclude Include="BoxColliderComponent.hpp">
      <Filter>Component Headers</Filter>
    </ClInclude>
    <ClInclude Include="MeshColliderComponent.hpp">
      <Filter>Component Headers</Filter>
    </ClInclude>
    <ClInclude Include="LightComponent.hpp">
      <Filter>Component Headers</Filter>
    </ClInclude>
    <ClInclude Include="SoundEmitterComponent.hpp">
      <Filter>Component Headers</Filter>
    </ClInclude>
    <ClInclude Include="PreHeader.hpp">
      <Filter>Headers</Filter>
    </ClInclude>
  </ItemGroup>
</Project>